
Microsoft Visual Studio Solution File, Format Version 12.00
# Visual Studio Version 16
VisualStudioVersion = 16.0.31605.320
MinimumVisualStudioVersion = 10.0.40219.1
Project("{FAE04EC0-301F-11D3-BF4B-00C04F79EFBC}") = "inicioComercialSDK", "inicioComercialSDK\inicioComercialSDK.csproj", "{7FC34476-01DB-4EE7-9F02-22F239596730}"
EndProject
Global
	GlobalSection(SolutionConfigurationPlatforms) = preSolution
		Debug|Any CPU = Debug|Any CPU
		Release|Any CPU = Release|Any CPU
	EndGlobalSection
	GlobalSection(ProjectConfigurationPlatforms) = postSolution
		{7FC34476-01DB-4EE7-9F02-22F239596730}.Debug|Any CPU.ActiveCfg = Debug|Any CPU
		{7FC34476-01DB-4EE7-9F02-22F239596730}.Debug|Any CPU.Build.0 = Debug|Any CPU
		{7FC34476-01DB-4EE7-9F02-22F239596730}.Release|Any CPU.ActiveCfg = Release|Any CPU
		{7FC34476-01DB-4EE7-9F02-22F239596730}.Release|Any CPU.Build.0 = Release|Any CPU
	EndGlobalSection
	GlobalSection(SolutionProperties) = preSolution
		HideSolutionNode = FALSE
	EndGlobalSection
	GlobalSection(ExtensibilityGlobals) = postSolution
		SolutionGuid = {0111E16A-AADE-49DB-9375-A14068CBB7D4}
	EndGlobalSection
EndGlobal
